{
  "name": "public",
  "version": "1.0.0",
  "lockfileVersion": 3,
  "requires": true,
  "packages": {
    "": {
      "name": "public",
      "version": "1.0.0",
      "license": "ISC",
      "dependencies": {
        "hyper-chess-board": "^0.0.0"
      }
    },
    "node_modules/hyper-chess-board": {
      "version": "0.0.0",
      "resolved": "https://registry.npmjs.org/hyper-chess-board/-/hyper-chess-board-0.0.0.tgz",
      "integrity": "sha512-0o3LltnSemn3J7s/xazQJYZlDAvD0+CSqHh00DZnkySwWAXawJZ5TZi0SAXYjrBPuMhXaJr3H3TlDV17gA5yLw=="
    }
  }
}
