{
  "name": "public",
  "version": "1.0.0",
  "lockfileVersion": 3,
  "requires": true,
  "packages": {
    "": {
      "name": "public",
      "version": "1.0.0",
      "license": "ISC",
      "dependencies": {
        "hyper-chess-board": "^0.0.1"
      }
    },
    "node_modules/hyper-chess-board": {
      "version": "0.0.1",
      "resolved": "https://registry.npmjs.org/hyper-chess-board/-/hyper-chess-board-0.0.1.tgz",
      "integrity": "sha512-lNJN2ou0EAbUfYE8orssECLaTcot0JkMc2PmWZt+Ax68HBRCd7Uvz8ZhGgRIk+ShMDx4cGCPOAk0ELdTNdxh5A=="
    }
  }
}
