{
  "name": "public",
  "version": "1.0.0",
  "lockfileVersion": 3,
  "requires": true,
  "packages": {
    "": {
      "name": "public",
      "version": "1.0.0",
      "license": "ISC",
      "dependencies": {
        "hyper-chess-board": "^0.2.1"
      }
    },
    "node_modules/hyper-chess-board": {
      "version": "0.2.1",
      "resolved": "https://registry.npmjs.org/hyper-chess-board/-/hyper-chess-board-0.2.1.tgz",
      "integrity": "sha512-I/Q+x8GeqIhiH/WKtnypGfn/PMA5UZXrGEMEvo77UcZzSexHA82CPqdMpIXiI6nxnLOIM3Hc+nrnRArGZll3nQ==",
      "license": "ISC"
    }
  }
}
